
Microsoft Visual Studio Solution File, Format Version 12.00
# Visual Studio 14
VisualStudioVersion = 14.0.23107.0
MinimumVisualStudioVersion = 10.0.40219.1
Project("{FAE04EC0-301F-11D3-BF4B-00C04F79EFBC}") = "CinemaLibrary", "CinemaLibrary\CinemaLibrary.csproj", "{8FCFB39D-D5FF-45EE-869B-09632DEEE8C8}"
EndProject
Project("{FAE04EC0-301F-11D3-BF4B-00C04F79EFBC}") = "TestForDB", "TestForDB\TestForDB.csproj", "{4608C670-A134-4B75-8F0E-ED29D104286E}"
EndProject
Project("{FAE04EC0-301F-11D3-BF4B-00C04F79EFBC}") = "WcfCinema", "WcfCinema\WcfCinema.csproj", "{E33B47C9-E68C-481D-B3EF-90A5F4176337}"
EndProject
Project("{FAE04EC0-301F-11D3-BF4B-00C04F79EFBC}") = "TestWCF", "TestWCF\TestWCF.csproj", "{2E8D292E-AB37-44F7-AC74-400BEE05F388}"
	ProjectSection(ProjectDependencies) = postProject
		{E33B47C9-E68C-481D-B3EF-90A5F4176337} = {E33B47C9-E68C-481D-B3EF-90A5F4176337}
	EndProjectSection
EndProject
Project("{FAE04EC0-301F-11D3-BF4B-00C04F79EFBC}") = "HostConsole", "HostConsole\HostConsole.csproj", "{6BED9A1F-2BCF-4F24-8FED-7E9956E8D60F}"
EndProject
Global
	GlobalSection(SolutionConfigurationPlatforms) = preSolution
		Debug|Any CPU = Debug|Any CPU
		Release|Any CPU = Release|Any CPU
	EndGlobalSection
	GlobalSection(ProjectConfigurationPlatforms) = postSolution
		{8FCFB39D-D5FF-45EE-869B-09632DEEE8C8}.Debug|Any CPU.ActiveCfg = Debug|Any CPU
		{8FCFB39D-D5FF-45EE-869B-09632DEEE8C8}.Debug|Any CPU.Build.0 = Debug|Any CPU
		{8FCFB39D-D5FF-45EE-869B-09632DEEE8C8}.Release|Any CPU.ActiveCfg = Release|Any CPU
		{8FCFB39D-D5FF-45EE-869B-09632DEEE8C8}.Release|Any CPU.Build.0 = Release|Any CPU
		{4608C670-A134-4B75-8F0E-ED29D104286E}.Debug|Any CPU.ActiveCfg = Debug|Any CPU
		{4608C670-A134-4B75-8F0E-ED29D104286E}.Debug|Any CPU.Build.0 = Debug|Any CPU
		{4608C670-A134-4B75-8F0E-ED29D104286E}.Release|Any CPU.ActiveCfg = Release|Any CPU
		{4608C670-A134-4B75-8F0E-ED29D104286E}.Release|Any CPU.Build.0 = Release|Any CPU
		{E33B47C9-E68C-481D-B3EF-90A5F4176337}.Debug|Any CPU.ActiveCfg = Debug|Any CPU
		{E33B47C9-E68C-481D-B3EF-90A5F4176337}.Debug|Any CPU.Build.0 = Debug|Any CPU
		{E33B47C9-E68C-481D-B3EF-90A5F4176337}.Release|Any CPU.ActiveCfg = Release|Any CPU
		{E33B47C9-E68C-481D-B3EF-90A5F4176337}.Release|Any CPU.Build.0 = Release|Any CPU
		{2E8D292E-AB37-44F7-AC74-400BEE05F388}.Debug|Any CPU.ActiveCfg = Debug|Any CPU
		{2E8D292E-AB37-44F7-AC74-400BEE05F388}.Debug|Any CPU.Build.0 = Debug|Any CPU
		{2E8D292E-AB37-44F7-AC74-400BEE05F388}.Release|Any CPU.ActiveCfg = Release|Any CPU
		{2E8D292E-AB37-44F7-AC74-400BEE05F388}.Release|Any CPU.Build.0 = Release|Any CPU
		{6BED9A1F-2BCF-4F24-8FED-7E9956E8D60F}.Debug|Any CPU.ActiveCfg = Debug|Any CPU
		{6BED9A1F-2BCF-4F24-8FED-7E9956E8D60F}.Debug|Any CPU.Build.0 = Debug|Any CPU
		{6BED9A1F-2BCF-4F24-8FED-7E9956E8D60F}.Release|Any CPU.ActiveCfg = Release|Any CPU
		{6BED9A1F-2BCF-4F24-8FED-7E9956E8D60F}.Release|Any CPU.Build.0 = Release|Any CPU
	EndGlobalSection
	GlobalSection(SolutionProperties) = preSolution
		HideSolutionNode = FALSE
	EndGlobalSection
EndGlobal
